
Microsoft Visual Studio Solution File, Format Version 12.00
# Visual Studio 15
VisualStudioVersion = 15.0.28307.705
MinimumVisualStudioVersion = 10.0.40219.1
Project("{FAE04EC0-301F-11D3-BF4B-00C04F79EFBC}") = "SignalRPrototype", "SignalRPrototype\SignalRPrototype.csproj", "{4CA626D2-2C84-441B-9749-A7A819408179}"
EndProject
Global
	GlobalSection(SolutionConfigurationPlatforms) = preSolution
		Debug|Any CPU = Debug|Any CPU
		Release|Any CPU = Release|Any CPU
	EndGlobalSection
	GlobalSection(ProjectConfigurationPlatforms) = postSolution
		{4CA626D2-2C84-441B-9749-A7A819408179}.Debug|Any CPU.ActiveCfg = Debug|Any CPU
		{4CA626D2-2C84-441B-9749-A7A819408179}.Debug|Any CPU.Build.0 = Debug|Any CPU
		{4CA626D2-2C84-441B-9749-A7A819408179}.Release|Any CPU.ActiveCfg = Release|Any CPU
		{4CA626D2-2C84-441B-9749-A7A819408179}.Release|Any CPU.Build.0 = Release|Any CPU
	EndGlobalSection
	GlobalSection(SolutionProperties) = preSolution
		HideSolutionNode = FALSE
	EndGlobalSection
	GlobalSection(ExtensibilityGlobals) = postSolution
		SolutionGuid = {FCBE0934-7C56-478B-926A-D17BF2B5E9E9}
	EndGlobalSection
EndGlobal
